// !$*UTF8*$!
{
	archiveVersion = 1;
	classes = {
	};
	objectVersion = 50;
	objects = {

/* Begin PBXBuildFile section */
		42AA49572ACCE41B0093D63C /* UniSell_FresnoStateApp.swift in Sources */ = {isa = PBXBuildFile; fileRef = 42AA49562ACCE41B0093D63C /* UniSell_FresnoStateApp.swift */; };
		42AA49592ACCE41B0093D63C /* ContentView.swift in Sources */ = {isa = PBXBuildFile; fileRef = 42AA49582ACCE41B0093D63C /* ContentView.swift */; };
		42AA495B2ACCE41C0093D63C /* Assets.xcassets in Resources */ = {isa = PBXBuildFile; fileRef = 42AA495A2ACCE41C0093D63C /* Assets.xcassets */; };
		42AA495E2ACCE41C0093D63C /* Preview Assets.xcassets in Resources */ = {isa = PBXBuildFile; fileRef = 42AA495D2ACCE41C0093D63C /* Preview Assets.xcassets */; };
		42AA49692ACCE41C0093D63C /* UniSell_FresnoStateTests.swift in Sources */ = {isa = PBXBuildFile; fileRef = 42AA49682ACCE41C0093D63C /* UniSell_FresnoStateTests.swift */; };
		42AA49742ACCE41C0093D63C /* UniSell_FresnoStateUITests.swift in Sources */ = {isa = PBXBuildFile; fileRef = 42AA49732ACCE41C0093D63C /* UniSell_FresnoStateUITests.swift */; };
/* End PBXBuildFile section */

/* Begin PBXContainerItemProxy section */
		42AA49652ACCE41C0093D63C /* PBXContainerItemProxy */ = {
			isa = PBXContainerItemProxy;
			containerPortal = 42AA494B2ACCE41B0093D63C /* Project object */;
			proxyType = 1;
			remoteGlobalIDString = 42AA49522ACCE41B0093D63C;
			remoteInfo = UniSell_FresnoState;
		};
		42AA49702ACCE41C0093D63C /* PBXContainerItemProxy */ = {
			isa = PBXContainerItemProxy;
			containerPortal = 42AA494B2ACCE41B0093D63C /* Project object */;
			proxyType = 1;
			remoteGlobalIDString = 42AA49522ACCE41B0093D63C;
			remoteInfo = UniSell_FresnoState;
		};
/* End PBXContainerItemProxy section */

/* Begin PBXFileReference section */
		42AA49532ACCE41B0093D63C /* UniSell_FresnoState.app */ = {isa = PBXFileReference; explicitFileType = wrapper.application; includeInIndex = 0; path = UniSell_FresnoState.app; sourceTree = BUILT_PRODUCTS_DIR; };
		42AA49562ACCE41B0093D63C /* UniSell_FresnoStateApp.swift */ = {isa = PBXFileReference; lastKnownFileType = sourcecode.swift; path = UniSell_FresnoStateApp.swift; sourceTree = "<group>"; };
		42AA49582ACCE41B0093D63C /* ContentView.swift */ = {isa = PBXFileReference; lastKnownFileType = sourcecode.swift; path = ContentView.swift; sourceTree = "<group>"; };
		42AA495A2ACCE41C0093D63C /* Assets.xcassets */ = {isa = PBXFileReference; lastKnownFileType = folder.assetcatalog; path = Assets.xcassets; sourceTree = "<group>"; };
		42AA495D2ACCE41C0093D63C /* Preview Assets.xcassets */ = {isa = PBXFileReference; lastKnownFileType = folder.assetcatalog; path = "Preview Assets.xcassets"; sourceTree = "<group>"; };
		42AA495F2ACCE41C0093D63C /* Info.plist */ = {isa = PBXFileReference; lastKnownFileType = text.plist.xml; path = Info.plist; sourceTree = "<group>"; };
		42AA49642ACCE41C0093D63C /* UniSell_FresnoStateTests.xctest */ = {isa = PBXFileReference; explicitFileType = wrapper.cfbundle; includeInIndex = 0; path = UniSell_FresnoStateTests.xctest; sourceTree = BUILT_PRODUCTS_DIR; };
		42AA49682ACCE41C0093D63C /* UniSell_FresnoStateTests.swift */ = {isa = PBXFileReference; lastKnownFileType = sourcecode.swift; path = UniSell_FresnoStateTests.swift; sourceTree = "<group>"; };
		42AA496A2ACCE41C0093D63C /* Info.plist */ = {isa = PBXFileReference; lastKnownFileType = text.plist.xml; path = Info.plist; sourceTree = "<group>"; };
		42AA496F2ACCE41C0093D63C /* UniSell_FresnoStateUITests.xctest */ = {isa = PBXFileReference; explicitFileType = wrapper.cfbundle; includeInIndex = 0; path = UniSell_FresnoStateUITests.xctest; sourceTree = BUILT_PRODUCTS_DIR; };
		42AA49732ACCE41C0093D63C /* UniSell_FresnoStateUITests.swift */ = {isa = PBXFileReference; lastKnownFileType = sourcecode.swift; path = UniSell_FresnoStateUITests.swift; sourceTree = "<group>"; };
		42AA49752ACCE41C0093D63C /* Info.plist */ = {isa = PBXFileReference; lastKnownFileType = text.plist.xml; path = Info.plist; sourceTree = "<group>"; };
/* End PBXFileReference section */

/* Begin PBXFrameworksBuildPhase section */
		42AA49502ACCE41B0093D63C /* Frameworks */ = {
			isa = PBXFrameworksBuildPhase;
			buildActionMask = 2147483647;
			files = (
			);
			runOnlyForDeploymentPostprocessing = 0;
		};
		42AA49612ACCE41C0093D63C /* Frameworks */ = {
			isa = PBXFrameworksBuildPhase;
			buildActionMask = 2147483647;
			files = (
			);
			runOnlyForDeploymentPostprocessing = 0;
		};
		42AA496C2ACCE41C0093D63C /* Frameworks */ = {
			isa = PBXFrameworksBuildPhase;
			buildActionMask = 2147483647;
			files = (
			);
			runOnlyForDeploymentPostprocessing = 0;
		};
/* End PBXFrameworksBuildPhase section */

/* Begin PBXGroup section */
		42AA494A2ACCE41B0093D63C = {
			isa = PBXGroup;
			children = (
				42AA49552ACCE41B0093D63C /* UniSell_FresnoState */,
				42AA49672ACCE41C0093D63C /* UniSell_FresnoStateTests */,
				42AA49722ACCE41C0093D63C /* UniSell_FresnoStateUITests */,
				42AA49542ACCE41B0093D63C /* Products */,
			);
			sourceTree = "<group>";
		};
		42AA49542ACCE41B0093D63C /* Products */ = {
			isa = PBXGroup;
			children = (
				42AA49532ACCE41B0093D63C /* UniSell_FresnoState.app */,
				42AA49642ACCE41C0093D63C /* UniSell_FresnoStateTests.xctest */,
				42AA496F2ACCE41C0093D63C /* UniSell_FresnoStateUITests.xctest */,
			);
			name = Products;
			sourceTree = "<group>";
		};
		42AA49552ACCE41B0093D63C /* UniSell_FresnoState */ = {
			isa = PBXGroup;
			children = (
				42AA49562ACCE41B0093D63C /* UniSell_FresnoStateApp.swift */,
				42AA49582ACCE41B0093D63C /* ContentView.swift */,
				42AA495A2ACCE41C0093D63C /* Assets.xcassets */,
				42AA495F2ACCE41C0093D63C /* Info.plist */,
				42AA495C2ACCE41C0093D63C /* Preview Content */,
			);
			path = UniSell_FresnoState;
			sourceTree = "<group>";
		};
		42AA495C2ACCE41C0093D63C /* Preview Content */ = {
			isa = PBXGroup;
			children = (
				42AA495D2ACCE41C0093D63C /* Preview Assets.xcassets */,
			);
			path = "Preview Content";
			sourceTree = "<group>";
		};
		42AA49672ACCE41C0093D63C /* UniSell_FresnoStateTests */ = {
			isa = PBXGroup;
			children = (
				42AA49682ACCE41C0093D63C /* UniSell_FresnoStateTests.swift */,
				42AA496A2ACCE41C0093D63C /* Info.plist */,
			);
			path = UniSell_FresnoStateTests;
			sourceTree = "<group>";
		};
		42AA49722ACCE41C0093D63C /* UniSell_FresnoStateUITests */ = {
			isa = PBXGroup;
			children = (
				42AA49732ACCE41C0093D63C /* UniSell_FresnoStateUITests.swift */,
				42AA49752ACCE41C0093D63C /* Info.plist */,
			);
			path = UniSell_FresnoStateUITests;
			sourceTree = "<group>";
		};
/* End PBXGroup section */

/* Begin PBXNativeTarget section */
		42AA49522ACCE41B0093D63C /* UniSell_FresnoState */ = {
			isa = PBXNativeTarget;
			buildConfigurationList = 42AA49782ACCE41C0093D63C /* Build configuration list for PBXNativeTarget "UniSell_FresnoState" */;
			buildPhases = (
				42AA494F2ACCE41B0093D63C /* Sources */,
				42AA49502ACCE41B0093D63C /* Frameworks */,
				42AA49512ACCE41B0093D63C /* Resources */,
			);
			buildRules = (
			);
			dependencies = (
			);
			name = UniSell_FresnoState;
			productName = UniSell_FresnoState;
			productReference = 42AA49532ACCE41B0093D63C /* UniSell_FresnoState.app */;
			productType = "com.apple.product-type.application";
		};
		42AA49632ACCE41C0093D63C /* UniSell_FresnoStateTests */ = {
			isa = PBXNativeTarget;
			buildConfigurationList = 42AA497B2ACCE41C0093D63C /* Build configuration list for PBXNativeTarget "UniSell_FresnoStateTests" */;
			buildPhases = (
				42AA49602ACCE41C0093D63C /* Sources */,
				42AA49612ACCE41C0093D63C /* Frameworks */,
				42AA49622ACCE41C0093D63C /* Resources */,
			);
			buildRules = (
			);
			dependencies = (
				42AA49662ACCE41C0093D63C /* PBXTargetDependency */,
			);
			name = UniSell_FresnoStateTests;
			productName = UniSell_FresnoStateTests;
			productReference = 42AA49642ACCE41C0093D63C /* UniSell_FresnoStateTests.xctest */;
			productType = "com.apple.product-type.bundle.unit-test";
		};
		42AA496E2ACCE41C0093D63C /* UniSell_FresnoStateUITests */ = {
			isa = PBXNativeTarget;
			buildConfigurationList = 42AA497E2ACCE41C0093D63C /* Build configuration list for PBXNativeTarget "UniSell_FresnoStateUITests" */;
			buildPhases = (
				42AA496B2ACCE41C0093D63C /* Sources */,
				42AA496C2ACCE41C0093D63C /* Frameworks */,
				42AA496D2ACCE41C0093D63C /* Resources */,
			);
			buildRules = (
			);
			dependencies = (
				42AA49712ACCE41C0093D63C /* PBXTargetDependency */,
			);
			name = UniSell_FresnoStateUITests;
			productName = UniSell_FresnoStateUITests;
			productReference = 42AA496F2ACCE41C0093D63C /* UniSell_FresnoStateUITests.xctest */;
			productType = "com.apple.product-type.bundle.ui-testing";
		};
/* End PBXNativeTarget section */

/* Begin PBXProject section */
		42AA494B2ACCE41B0093D63C /* Project object */ = {
			isa = PBXProject;
			attributes = {
				LastSwiftUpdateCheck = 1240;
				LastUpgradeCheck = 1240;
				TargetAttributes = {
					42AA49522ACCE41B0093D63C = {
						CreatedOnToolsVersion = 12.4;
					};
					42AA49632ACCE41C0093D63C = {
						CreatedOnToolsVersion = 12.4;
						TestTargetID = 42AA49522ACCE41B0093D63C;
					};
					42AA496E2ACCE41C0093D63C = {
						CreatedOnToolsVersion = 12.4;
						TestTargetID = 42AA49522ACCE41B0093D63C;
					};
				};
			};
			buildConfigurationList = 42AA494E2ACCE41B0093D63C /* Build configuration list for PBXProject "UniSell_FresnoState" */;
			compatibilityVersion = "Xcode 9.3";
			developmentRegion = en;
			hasScannedForEncodings = 0;
			knownRegions = (
				en,
				Base,
			);
			mainGroup = 42AA494A2ACCE41B0093D63C;
			productRefGroup = 42AA49542ACCE41B0093D63C /* Products */;
			projectDirPath = "";
			projectRoot = "";
			targets = (
				42AA49522ACCE41B0093D63C /* UniSell_FresnoState */,
				42AA49632ACCE41C0093D63C /* UniSell_FresnoStateTests */,
				42AA496E2ACCE41C0093D63C /* UniSell_FresnoStateUITests */,
			);
		};
/* End PBXProject section */

/* Begin PBXResourcesBuildPhase section */
		42AA49512ACCE41B0093D63C /* Resources */ = {
			isa = PBXResourcesBuildPhase;
			buildActionMask = 2147483647;
			files = (
				42AA495E2ACCE41C0093D63C /* Preview Assets.xcassets in Resources */,
				42AA495B2ACCE41C0093D63C /* Assets.xcassets in Resources */,
			);
			runOnlyForDeploymentPostprocessing = 0;
		};
		42AA49622ACCE41C0093D63C /* Resources */ = {
			isa = PBXResourcesBuildPhase;
			buildActionMask = 2147483647;
			files = (
			);
			runOnlyForDeploymentPostprocessing = 0;
		};
		42AA496D2ACCE41C0093D63C /* Resources */ = {
			isa = PBXResourcesBuildPhase;
			buildActionMask = 2147483647;
			files = (
			);
			runOnlyForDeploymentPostprocessing = 0;
		};
/* End PBXResourcesBuildPhase section */

/* Begin PBXSourcesBuildPhase section */
		42AA494F2ACCE41B0093D63C /* Sources */ = {
			isa = PBXSourcesBuildPhase;
			buildActionMask = 2147483647;
			files = (
				42AA49592ACCE41B0093D63C /* ContentView.swift in Sources */,
				42AA49572ACCE41B0093D63C /* UniSell_FresnoStateApp.swift in Sources */,
			);
			runOnlyForDeploymentPostprocessing = 0;
		};
		42AA49602ACCE41C0093D63C /* Sources */ = {
			isa = PBXSourcesBuildPhase;
			buildActionMask = 2147483647;
			files = (
				42AA49692ACCE41C0093D63C /* UniSell_FresnoStateTests.swift in Sources */,
			);
			runOnlyForDeploymentPostprocessing = 0;
		};
		42AA496B2ACCE41C0093D63C /* Sources */ = {
			isa = PBXSourcesBuildPhase;
			buildActionMask = 2147483647;
			files = (
				42AA49742ACCE41C0093D63C /* UniSell_FresnoStateUITests.swift in Sources */,
			);
			runOnlyForDeploymentPostprocessing = 0;
		};
/* End PBXSourcesBuildPhase section */

/* Begin PBXTargetDependency section */
		42AA49662ACCE41C0093D63C /* PBXTargetDependency */ = {
			isa = PBXTargetDependency;
			target = 42AA49522ACCE41B0093D63C /* UniSell_FresnoState */;
			targetProxy = 42AA49652ACCE41C0093D63C /* PBXContainerItemProxy */;
		};
		42AA49712ACCE41C0093D63C /* PBXTargetDependency */ = {
			isa = PBXTargetDependency;
			target = 42AA49522ACCE41B0093D63C /* UniSell_FresnoState */;
			targetProxy = 42AA49702ACCE41C0093D63C /* PBXContainerItemProxy */;
		};
/* End PBXTargetDependency section */

/* Begin XCBuildConfiguration section */
		42AA49762ACCE41C0093D63C /* Debug */ = {
			isa = XCBuildConfiguration;
			buildSettings = {
				ALWAYS_SEARCH_USER_PATHS = NO;
				CLANG_ANALYZER_NONNULL = YES;
				CLANG_ANALYZER_NUMBER_OBJECT_CONVERSION = YES_AGGRESSIVE;
				CLANG_CXX_LANGUAGE_STANDARD = "gnu++14";
				CLANG_CXX_LIBRARY = "libc++";
				CLANG_ENABLE_MODULES = YES;
				CLANG_ENABLE_OBJC_ARC = YES;
				CLANG_ENABLE_OBJC_WEAK = YES;
				CLANG_WARN_BLOCK_CAPTURE_AUTORELEASING = YES;
				CLANG_WARN_BOOL_CONVERSION = YES;
				CLANG_WARN_COMMA = YES;
				CLANG_WARN_CONSTANT_CONVERSION = YES;
				CLANG_WARN_DEPRECATED_OBJC_IMPLEMENTATIONS = YES;
				CLANG_WARN_DIRECT_OBJC_ISA_USAGE = YES_ERROR;
				CLANG_WARN_DOCUMENTATION_COMMENTS = YES;
				CLANG_WARN_EMPTY_BODY = YES;
				CLANG_WARN_ENUM_CONVERSION = YES;
				CLANG_WARN_INFINITE_RECURSION = YES;
				CLANG_WARN_INT_CONVERSION = YES;
				CLANG_WARN_NON_LITERAL_NULL_CONVERSION = YES;
				CLANG_WARN_OBJC_IMPLICIT_RETAIN_SELF = YES;
				CLANG_WARN_OBJC_LITERAL_CONVERSION = YES;
				CLANG_WARN_OBJC_ROOT_CLASS = YES_ERROR;
				CLANG_WARN_QUOTED_INCLUDE_IN_FRAMEWORK_HEADER = YES;
				CLANG_WARN_RANGE_LOOP_ANALYSIS = YES;
				CLANG_WARN_STRICT_PROTOTYPES = YES;
				CLANG_WARN_SUSPICIOUS_MOVE = YES;
				CLANG_WARN_UNGUARDED_AVAILABILITY = YES_AGGRESSIVE;
				CLANG_WARN_UNREACHABLE_CODE = YES;
				CLANG_WARN__DUPLICATE_METHOD_MATCH = YES;
				COPY_PHASE_STRIP = NO;
				DEBUG_INFORMATION_FORMAT = dwarf;
				ENABLE_STRICT_OBJC_MSGSEND = YES;
				ENABLE_TESTABILITY = YES;
				GCC_C_LANGUAGE_STANDARD = gnu11;
				GCC_DYNAMIC_NO_PIC = NO;
				GCC_NO_COMMON_BLOCKS = YES;
				GCC_OPTIMIZATION_LEVEL = 0;
				GCC_PREPROCESSOR_DEFINITIONS = (
					"DEBUG=1",
					"$(inherited)",
				);
				GCC_WARN_64_TO_32_BIT_CONVERSION = YES;
				GCC_WARN_ABOUT_RETURN_TYPE = YES_ERROR;
				GCC_WARN_UNDECLARED_SELECTOR = YES;
				GCC_WARN_UNINITIALIZED_AUTOS = YES_AGGRESSIVE;
				GCC_WARN_UNUSED_FUNCTION = YES;
				GCC_WARN_UNUSED_VARIABLE = YES;
				IPHONEOS_DEPLOYMENT_TARGET = 14.4;
				MTL_ENABLE_DEBUG_INFO = INCLUDE_SOURCE;
				MTL_FAST_MATH = YES;
				ONLY_ACTIVE_ARCH = YES;
				SDKROOT = iphoneos;
				SWIFT_ACTIVE_COMPILATION_CONDITIONS = DEBUG;
				SWIFT_OPTIMIZATION_LEVEL = "-Onone";
			};
			name = Debug;
		};
		42AA49772ACCE41C0093D63C /* Release */ = {
			isa = XCBuildConfiguration;
			buildSettings = {
				ALWAYS_SEARCH_USER_PATHS = NO;
				CLANG_ANALYZER_NONNULL = YES;
				CLANG_ANALYZER_NUMBER_OBJECT_CONVERSION = YES_AGGRESSIVE;
				CLANG_CXX_LANGUAGE_STANDARD = "gnu++14";
				CLANG_CXX_LIBRARY = "libc++";
				CLANG_ENABLE_MODULES = YES;
				CLANG_ENABLE_OBJC_ARC = YES;
				CLANG_ENABLE_OBJC_WEAK = YES;
				CLANG_WARN_BLOCK_CAPTURE_AUTORELEASING = YES;
				CLANG_WARN_BOOL_CONVERSION = YES;
				CLANG_WARN_COMMA = YES;
				CLANG_WARN_CONSTANT_CONVERSION = YES;
				CLANG_WARN_DEPRECATED_OBJC_IMPLEMENTATIONS = YES;
				CLANG_WARN_DIRECT_OBJC_ISA_USAGE = YES_ERROR;
				CLANG_WARN_DOCUMENTATION_COMMENTS = YES;
				CLANG_WARN_EMPTY_BODY = YES;
				CLANG_WARN_ENUM_CONVERSION = YES;
				CLANG_WARN_INFINITE_RECURSION = YES;
				CLANG_WARN_INT_CONVERSION = YES;
				CLANG_WARN_NON_LITERAL_NULL_CONVERSION = YES;
				CLANG_WARN_OBJC_IMPLICIT_RETAIN_SELF = YES;
				CLANG_WARN_OBJC_LITERAL_CONVERSION = YES;
				CLANG_WARN_OBJC_ROOT_CLASS = YES_ERROR;
				CLANG_WARN_QUOTED_INCLUDE_IN_FRAMEWORK_HEADER = YES;
				CLANG_WARN_RANGE_LOOP_ANALYSIS = YES;
				CLANG_WARN_STRICT_PROTOTYPES = YES;
				CLANG_WARN_SUSPICIOUS_MOVE = YES;
				CLANG_WARN_UNGUARDED_AVAILABILITY = YES_AGGRESSIVE;
				CLANG_WARN_UNREACHABLE_CODE = YES;
				CLANG_WARN__DUPLICATE_METHOD_MATCH = YES;
				COPY_PHASE_STRIP = NO;
				DEBUG_INFORMATION_FORMAT = "dwarf-with-dsym";
				ENABLE_NS_ASSERTIONS = NO;
				ENABLE_STRICT_OBJC_MSGSEND = YES;
				GCC_C_LANGUAGE_STANDARD = gnu11;
				GCC_NO_COMMON_BLOCKS = YES;
				GCC_WARN_64_TO_32_BIT_CONVERSION = YES;
				GCC_WARN_ABOUT_RETURN_TYPE = YES_ERROR;
				GCC_WARN_UNDECLARED_SELECTOR = YES;
				GCC_WARN_UNINITIALIZED_AUTOS = YES_AGGRESSIVE;
				GCC_WARN_UNUSED_FUNCTION = YES;
				GCC_WARN_UNUSED_VARIABLE = YES;
				IPHONEOS_DEPLOYMENT_TARGET = 14.4;
				MTL_ENABLE_DEBUG_INFO = NO;
				MTL_FAST_MATH = YES;
				SDKROOT = iphoneos;
				SWIFT_COMPILATION_MODE = wholemodule;
				SWIFT_OPTIMIZATION_LEVEL = "-O";
				VALIDATE_PRODUCT = YES;
			};
			name = Release;
		};
		42AA49792ACCE41C0093D63C /* Debug */ = {
			isa = XCBuildConfiguration;
			buildSettings = {
				ASSETCATALOG_COMPILER_APPICON_NAME = AppIcon;
				ASSETCATALOG_COMPILER_GLOBAL_ACCENT_COLOR_NAME = AccentColor;
				CODE_SIGN_STYLE = Automatic;
				DEVELOPMENT_ASSET_PATHS = "\"UniSell_FresnoState/Preview Content\"";
				DEVELOPMENT_TEAM = 4VLW449FMS;
				ENABLE_PREVIEWS = YES;
				INFOPLIST_FILE = UniSell_FresnoState/Info.plist;
				IPHONEOS_DEPLOYMENT_TARGET = 14.0;
				LD_RUNPATH_SEARCH_PATHS = (
					"$(inherited)",
					"@executable_path/Frameworks",
				);
				PRODUCT_BUNDLE_IDENTIFIER = "app.UniSell-FresnoState";
				PRODUCT_NAME = "$(TARGET_NAME)";
				SWIFT_VERSION = 5.0;
				TARGETED_DEVICE_FAMILY = "1,2";
			};
			name = Debug;
		};
		42AA497A2ACCE41C0093D63C /* Release */ = {
			isa = XCBuildConfiguration;
			buildSettings = {
				ASSETCATALOG_COMPILER_APPICON_NAME = AppIcon;
				ASSETCATALOG_COMPILER_GLOBAL_ACCENT_COLOR_NAME = AccentColor;
				CODE_SIGN_STYLE = Automatic;
				DEVELOPMENT_ASSET_PATHS = "\"UniSell_FresnoState/Preview Content\"";
				DEVELOPMENT_TEAM = 4VLW449FMS;
				ENABLE_PREVIEWS = YES;
				INFOPLIST_FILE = UniSell_FresnoState/Info.plist;
				IPHONEOS_DEPLOYMENT_TARGET = 14.0;
				LD_RUNPATH_SEARCH_PATHS = (
					"$(inherited)",
					"@executable_path/Frameworks",
				);
				PRODUCT_BUNDLE_IDENTIFIER = "app.UniSell-FresnoState";
				PRODUCT_NAME = "$(TARGET_NAME)";
				SWIFT_VERSION = 5.0;
				TARGETED_DEVICE_FAMILY = "1,2";
			};
			name = Release;
		};
		42AA497C2ACCE41C0093D63C /* Debug */ = {
			isa = XCBuildConfiguration;
			buildSettings = {
				ALWAYS_EMBED_SWIFT_STANDARD_LIBRARIES = YES;
				BUNDLE_LOADER = "$(TEST_HOST)";
				CODE_SIGN_STYLE = Automatic;
				DEVELOPMENT_TEAM = 4VLW449FMS;
				INFOPLIST_FILE = UniSell_FresnoStateTests/Info.plist;
				IPHONEOS_DEPLOYMENT_TARGET = 14.0;
				LD_RUNPATH_SEARCH_PATHS = (
					"$(inherited)",
					"@executable_path/Frameworks",
					"@loader_path/Frameworks",
				);
				PRODUCT_BUNDLE_IDENTIFIER = "app.UniSell-FresnoStateTests";
				PRODUCT_NAME = "$(TARGET_NAME)";
				SWIFT_VERSION = 5.0;
				TARGETED_DEVICE_FAMILY = "1,2";
				TEST_HOST = "$(BUILT_PRODUCTS_DIR)/UniSell_FresnoState.app/UniSell_FresnoState";
			};
			name = Debug;
		};
		42AA497D2ACCE41C0093D63C /* Release */ = {
			isa = XCBuildConfiguration;
			buildSettings = {
				ALWAYS_EMBED_SWIFT_STANDARD_LIBRARIES = YES;
				BUNDLE_LOADER = "$(TEST_HOST)";
				CODE_SIGN_STYLE = Automatic;
				DEVELOPMENT_TEAM = 4VLW449FMS;
				INFOPLIST_FILE = UniSell_FresnoStateTests/Info.plist;
				IPHONEOS_DEPLOYMENT_TARGET = 14.0;
				LD_RUNPATH_SEARCH_PATHS = (
					"$(inherited)",
					"@executable_path/Frameworks",
					"@loader_path/Frameworks",
				);
				PRODUCT_BUNDLE_IDENTIFIER = "app.UniSell-FresnoStateTests";
				PRODUCT_NAME = "$(TARGET_NAME)";
				SWIFT_VERSION = 5.0;
				TARGETED_DEVICE_FAMILY = "1,2";
				TEST_HOST = "$(BUILT_PRODUCTS_DIR)/UniSell_FresnoState.app/UniSell_FresnoState";
			};
			name = Release;
		};
		42AA497F2ACCE41C0093D63C /* Debug */ = {
			isa = XCBuildConfiguration;
			buildSettings = {
				ALWAYS_EMBED_SWIFT_STANDARD_LIBRARIES = YES;
				CODE_SIGN_STYLE = Automatic;
				DEVELOPMENT_TEAM = 4VLW449FMS;
				INFOPLIST_FILE = UniSell_FresnoStateUITests/Info.plist;
				LD_RUNPATH_SEARCH_PATHS = (
					"$(inherited)",
					"@executable_path/Frameworks",
					"@loader_path/Frameworks",
				);
				PRODUCT_BUNDLE_IDENTIFIER = "app.UniSell-FresnoStateUITests";
				PRODUCT_NAME = "$(TARGET_NAME)";
				SWIFT_VERSION = 5.0;
				TARGETED_DEVICE_FAMILY = "1,2";
				TEST_TARGET_NAME = UniSell_FresnoState;
			};
			name = Debug;
		};
		42AA49802ACCE41C0093D63C /* Release */ = {
			isa = XCBuildConfiguration;
			buildSettings = {
				ALWAYS_EMBED_SWIFT_STANDARD_LIBRARIES = YES;
				CODE_SIGN_STYLE = Automatic;
				DEVELOPMENT_TEAM = 4VLW449FMS;
				INFOPLIST_FILE = UniSell_FresnoStateUITests/Info.plist;
				LD_RUNPATH_SEARCH_PATHS = (
					"$(inherited)",
					"@executable_path/Frameworks",
					"@loader_path/Frameworks",
				);
				PRODUCT_BUNDLE_IDENTIFIER = "app.UniSell-FresnoStateUITests";
				PRODUCT_NAME = "$(TARGET_NAME)";
				SWIFT_VERSION = 5.0;
				TARGETED_DEVICE_FAMILY = "1,2";
				TEST_TARGET_NAME = UniSell_FresnoState;
			};
			name = Release;
		};
/* End XCBuildConfiguration section */

/* Begin XCConfigurationList section */
		42AA494E2ACCE41B0093D63C /* Build configuration list for PBXProject "UniSell_FresnoState" */ = {
			isa = XCConfigurationList;
			buildConfigurations = (
				42AA49762ACCE41C0093D63C /* Debug */,
				42AA49772ACCE41C0093D63C /* Release */,
			);
			defaultConfigurationIsVisible = 0;
			defaultConfigurationName = Release;
		};
		42AA49782ACCE41C0093D63C /* Build configuration list for PBXNativeTarget "UniSell_FresnoState" */ = {
			isa = XCConfigurationList;
			buildConfigurations = (
				42AA49792ACCE41C0093D63C /* Debug */,
				42AA497A2ACCE41C0093D63C /* Release */,
			);
			defaultConfigurationIsVisible = 0;
			defaultConfigurationName = Release;
		};
		42AA497B2ACCE41C0093D63C /* Build configuration list for PBXNativeTarget "UniSell_FresnoStateTests" */ = {
			isa = XCConfigurationList;
			buildConfigurations = (
				42AA497C2ACCE41C0093D63C /* Debug */,
				42AA497D2ACCE41C0093D63C /* Release */,
			);
			defaultConfigurationIsVisible = 0;
			defaultConfigurationName = Release;
		};
		42AA497E2ACCE41C0093D63C /* Build configuration list for PBXNativeTarget "UniSell_FresnoStateUITests" */ = {
			isa = XCConfigurationList;
			buildConfigurations = (
				42AA497F2ACCE41C0093D63C /* Debug */,
				42AA49802ACCE41C0093D63C /* Release */,
			);
			defaultConfigurationIsVisible = 0;
			defaultConfigurationName = Release;
		};
/* End XCConfigurationList section */
	};
	rootObject = 42AA494B2ACCE41B0093D63C /* Project object */;
}
